
Microsoft Visual Studio Solution File, Format Version 12.00
# Visual Studio 15
VisualStudioVersion = 15.0.28010.2019
MinimumVisualStudioVersion = 10.0.40219.1
Project("{FAE04EC0-301F-11D3-BF4B-00C04F79EFBC}") = "Selenium second try", "Selenium second try\Selenium second try.csproj", "{C30744C2-1F67-47C0-9CD1-AFB0270A57D8}"
EndProject
Global
	GlobalSection(SolutionConfigurationPlatforms) = preSolution
		Debug|Any CPU = Debug|Any CPU
		Release|Any CPU = Release|Any CPU
	EndGlobalSection
	GlobalSection(ProjectConfigurationPlatforms) = postSolution
		{C30744C2-1F67-47C0-9CD1-AFB0270A57D8}.Debug|Any CPU.ActiveCfg = Debug|Any CPU
		{C30744C2-1F67-47C0-9CD1-AFB0270A57D8}.Debug|Any CPU.Build.0 = Debug|Any CPU
		{C30744C2-1F67-47C0-9CD1-AFB0270A57D8}.Release|Any CPU.ActiveCfg = Release|Any CPU
		{C30744C2-1F67-47C0-9CD1-AFB0270A57D8}.Release|Any CPU.Build.0 = Release|Any CPU
	EndGlobalSection
	GlobalSection(SolutionProperties) = preSolution
		HideSolutionNode = FALSE
	EndGlobalSection
	GlobalSection(ExtensibilityGlobals) = postSolution
		SolutionGuid = {99788A9E-1C27-4D00-A271-BD0EAE6F517F}
	EndGlobalSection
EndGlobal
